
Microsoft Visual Studio Solution File, Format Version 12.00
# Visual Studio Version 17
VisualStudioVersion = 17.13.35919.96 d17.13
MinimumVisualStudioVersion = 10.0.40219.1
Project("{FAE04EC0-301F-11D3-BF4B-00C04F79EFBC}") = "App", "lab3\App.csproj", "{81AB4355-631A-4088-A4A1-BFA15BB2841B}"
EndProject
Project("{FAE04EC0-301F-11D3-BF4B-00C04F79EFBC}") = "DLL1", "DLL1\DLL1.csproj", "{464530DE-38CB-4F9C-9C8C-B4500E2BD11E}"
EndProject
Project("{FAE04EC0-301F-11D3-BF4B-00C04F79EFBC}") = "DLL2", "DLL2\DLL2.csproj", "{64430C1F-33B6-43D9-8917-8101CA21CE2E}"
EndProject
Global
	GlobalSection(SolutionConfigurationPlatforms) = preSolution
		Debug|Any CPU = Debug|Any CPU
		Release|Any CPU = Release|Any CPU
	EndGlobalSection
	GlobalSection(ProjectConfigurationPlatforms) = postSolution
		{81AB4355-631A-4088-A4A1-BFA15BB2841B}.Debug|Any CPU.ActiveCfg = Debug|Any CPU
		{81AB4355-631A-4088-A4A1-BFA15BB2841B}.Debug|Any CPU.Build.0 = Debug|Any CPU
		{81AB4355-631A-4088-A4A1-BFA15BB2841B}.Release|Any CPU.ActiveCfg = Release|Any CPU
		{81AB4355-631A-4088-A4A1-BFA15BB2841B}.Release|Any CPU.Build.0 = Release|Any CPU
		{464530DE-38CB-4F9C-9C8C-B4500E2BD11E}.Debug|Any CPU.ActiveCfg = Debug|Any CPU
		{464530DE-38CB-4F9C-9C8C-B4500E2BD11E}.Debug|Any CPU.Build.0 = Debug|Any CPU
		{464530DE-38CB-4F9C-9C8C-B4500E2BD11E}.Release|Any CPU.ActiveCfg = Release|Any CPU
		{464530DE-38CB-4F9C-9C8C-B4500E2BD11E}.Release|Any CPU.Build.0 = Release|Any CPU
		{64430C1F-33B6-43D9-8917-8101CA21CE2E}.Debug|Any CPU.ActiveCfg = Debug|Any CPU
		{64430C1F-33B6-43D9-8917-8101CA21CE2E}.Debug|Any CPU.Build.0 = Debug|Any CPU
		{64430C1F-33B6-43D9-8917-8101CA21CE2E}.Release|Any CPU.ActiveCfg = Release|Any CPU
		{64430C1F-33B6-43D9-8917-8101CA21CE2E}.Release|Any CPU.Build.0 = Release|Any CPU
	EndGlobalSection
	GlobalSection(SolutionProperties) = preSolution
		HideSolutionNode = FALSE
	EndGlobalSection
	GlobalSection(ExtensibilityGlobals) = postSolution
		SolutionGuid = {95056172-3E8E-415B-800F-AEA329CC8B7E}
	EndGlobalSection
EndGlobal
